
Microsoft Visual Studio Solution File, Format Version 12.00
# Visual Studio Version 17
VisualStudioVersion = 17.14.36616.10 d17.14
MinimumVisualStudioVersion = 10.0.40219.1
Project("{FAE04EC0-301F-11D3-BF4B-00C04F79EFBC}") = "TOQUES", "TOQUES\TOQUES.csproj", "{D75BE642-7F6C-4700-8308-170DE20F750F}"
EndProject
Global
	GlobalSection(SolutionConfigurationPlatforms) = preSolution
		Debug|Any CPU = Debug|Any CPU
		Release|Any CPU = Release|Any CPU
	EndGlobalSection
	GlobalSection(ProjectConfigurationPlatforms) = postSolution
		{D75BE642-7F6C-4700-8308-170DE20F750F}.Debug|Any CPU.ActiveCfg = Debug|Any CPU
		{D75BE642-7F6C-4700-8308-170DE20F750F}.Debug|Any CPU.Build.0 = Debug|Any CPU
		{D75BE642-7F6C-4700-8308-170DE20F750F}.Release|Any CPU.ActiveCfg = Release|Any CPU
		{D75BE642-7F6C-4700-8308-170DE20F750F}.Release|Any CPU.Build.0 = Release|Any CPU
	EndGlobalSection
	GlobalSection(SolutionProperties) = preSolution
		HideSolutionNode = FALSE
	EndGlobalSection
	GlobalSection(ExtensibilityGlobals) = postSolution
		SolutionGuid = {4B5BD0B8-B83E-4F0F-92A5-4DF0F35FFBD1}
	EndGlobalSection
EndGlobal
